
Microsoft Visual Studio Solution File, Format Version 11.00
# Visual Studio 2010
Project("{8BC9CEB8-8B4A-11D0-8D11-00A0C91BC942}") = "svchost", "installhook.vcxproj", "{AA227E6B-5627-4E1F-A97D-CA8481E9A20B}"
EndProject
Project("{8BC9CEB8-8B4A-11D0-8D11-00A0C91BC942}") = "win32sok", "..\hodll\hodll.vcxproj", "{CD020BAE-8DF4-9EB3-A082-2CF8B349AD9B}"
EndProject
Global
	GlobalSection(SolutionConfigurationPlatforms) = preSolution
		Debug|Win32 = Debug|Win32
		Release|Win32 = Release|Win32
	EndGlobalSection
	GlobalSection(ProjectConfigurationPlatforms) = postSolution
		{AA227E6B-5627-4E1F-A97D-CA8481E9A20B}.Debug|Win32.ActiveCfg = Debug|Win32
		{AA227E6B-5627-4E1F-A97D-CA8481E9A20B}.Debug|Win32.Build.0 = Debug|Win32
		{AA227E6B-5627-4E1F-A97D-CA8481E9A20B}.Release|Win32.ActiveCfg = Release|Win32
		{AA227E6B-5627-4E1F-A97D-CA8481E9A20B}.Release|Win32.Build.0 = Release|Win32
		{CD020BAE-8DF4-9EB3-A082-2CF8B349AD9B}.Debug|Win32.ActiveCfg = Debug|Win32
		{CD020BAE-8DF4-9EB3-A082-2CF8B349AD9B}.Debug|Win32.Build.0 = Debug|Win32
		{CD020BAE-8DF4-9EB3-A082-2CF8B349AD9B}.Release|Win32.ActiveCfg = Release|Win32
		{CD020BAE-8DF4-9EB3-A082-2CF8B349AD9B}.Release|Win32.Build.0 = Release|Win32
	EndGlobalSection
	GlobalSection(SolutionProperties) = preSolution
		HideSolutionNode = FALSE
	EndGlobalSection
EndGlobal
